
Microsoft Visual Studio Solution File, Format Version 12.00
# Visual Studio Version 17
VisualStudioVersion = 17.13.35825.156 d17.13
MinimumVisualStudioVersion = 10.0.40219.1
Project("{FAE04EC0-301F-11D3-BF4B-00C04F79EFBC}") = "ClinicManagementSystem", "ClinicManagementSystem\ClinicManagementSystem.csproj", "{6CB9439D-9092-4F21-BF44-68ED1B885D32}"
EndProject
Global
	GlobalSection(SolutionConfigurationPlatforms) = preSolution
		Debug|Any CPU = Debug|Any CPU
		Release|Any CPU = Release|Any CPU
	EndGlobalSection
	GlobalSection(ProjectConfigurationPlatforms) = postSolution
		{6CB9439D-9092-4F21-BF44-68ED1B885D32}.Debug|Any CPU.ActiveCfg = Debug|Any CPU
		{6CB9439D-9092-4F21-BF44-68ED1B885D32}.Debug|Any CPU.Build.0 = Debug|Any CPU
		{6CB9439D-9092-4F21-BF44-68ED1B885D32}.Release|Any CPU.ActiveCfg = Release|Any CPU
		{6CB9439D-9092-4F21-BF44-68ED1B885D32}.Release|Any CPU.Build.0 = Release|Any CPU
	EndGlobalSection
	GlobalSection(SolutionProperties) = preSolution
		HideSolutionNode = FALSE
	EndGlobalSection
	GlobalSection(ExtensibilityGlobals) = postSolution
		SolutionGuid = {340EB5DC-73EC-44CA-A983-4BFB36227DEA}
	EndGlobalSection
EndGlobal
